// !$*UTF8*$!
{
	archiveVersion = 1;
	classes = {
	};
	objectVersion = 77;
	objects = {

/* Begin PBXBuildFile section */
		417738082E4F9F6A00E5F283 /* CoreWLAN.framework in Frameworks */ = {isa = PBXBuildFile; fileRef = 417738072E4F9F6A00E5F283 /* CoreWLAN.framework */; };
		41F098832E4FA21E001C4C64 /* CoreLocation.framework in Frameworks */ = {isa = PBXBuildFile; fileRef = 41F098822E4FA21E001C4C64 /* CoreLocation.framework */; };
		41F098852E4FA225001C4C64 /* SystemConfiguration.framework in Frameworks */ = {isa = PBXBuildFile; fileRef = 41F098842E4FA225001C4C64 /* SystemConfiguration.framework */; };
/* End PBXBuildFile section */

/* Begin PBXContainerItemProxy section */
		41DCA0612E4F9ECE0086229B /* PBXContainerItemProxy */ = {
			isa = PBXContainerItemProxy;
			containerPortal = 41DCA0462E4F9ECC0086229B /* Project object */;
			proxyType = 1;
			remoteGlobalIDString = 41DCA04D2E4F9ECC0086229B;
			remoteInfo = WiFiMonitor;
		};
		41DCA06B2E4F9ECE0086229B /* PBXContainerItemProxy */ = {
			isa = PBXContainerItemProxy;
			containerPortal = 41DCA0462E4F9ECC0086229B /* Project object */;
			proxyType = 1;
			remoteGlobalIDString = 41DCA04D2E4F9ECC0086229B;
			remoteInfo = WiFiMonitor;
		};
/* End PBXContainerItemProxy section */

/* Begin PBXFileReference section */
		417738072E4F9F6A00E5F283 /* CoreWLAN.framework */ = {isa = PBXFileReference; lastKnownFileType = wrapper.framework; name = CoreWLAN.framework; path = System/Library/Frameworks/CoreWLAN.framework; sourceTree = SDKROOT; };
		41DCA04E2E4F9ECC0086229B /* WiFiMonitor.app */ = {isa = PBXFileReference; explicitFileType = wrapper.application; includeInIndex = 0; path = WiFiMonitor.app; sourceTree = BUILT_PRODUCTS_DIR; };
		41DCA0602E4F9ECE0086229B /* WiFiMonitorTests.xctest */ = {isa = PBXFileReference; explicitFileType = wrapper.cfbundle; includeInIndex = 0; path = WiFiMonitorTests.xctest; sourceTree = BUILT_PRODUCTS_DIR; };
		41DCA06A2E4F9ECE0086229B /* WiFiMonitorUITests.xctest */ = {isa = PBXFileReference; explicitFileType = wrapper.cfbundle; includeInIndex = 0; path = WiFiMonitorUITests.xctest; sourceTree = BUILT_PRODUCTS_DIR; };
		41F098822E4FA21E001C4C64 /* CoreLocation.framework */ = {isa = PBXFileReference; lastKnownFileType = wrapper.framework; name = CoreLocation.framework; path = System/Library/Frameworks/CoreLocation.framework; sourceTree = SDKROOT; };
		41F098842E4FA225001C4C64 /* SystemConfiguration.framework */ = {isa = PBXFileReference; lastKnownFileType = wrapper.framework; name = SystemConfiguration.framework; path = System/Library/Frameworks/SystemConfiguration.framework; sourceTree = SDKROOT; };
/* End PBXFileReference section */

/* Begin PBXFileSystemSynchronizedRootGroup section */
		41DCA0502E4F9ECC0086229B /* WiFiMonitor */ = {
			isa = PBXFileSystemSynchronizedRootGroup;
			path = WiFiMonitor;
			sourceTree = "<group>";
		};
		41DCA0632E4F9ECE0086229B /* WiFiMonitorTests */ = {
			isa = PBXFileSystemSynchronizedRootGroup;
			path = WiFiMonitorTests;
			sourceTree = "<group>";
		};
		41DCA06D2E4F9ECE0086229B /* WiFiMonitorUITests */ = {
			isa = PBXFileSystemSynchronizedRootGroup;
			path = WiFiMonitorUITests;
			sourceTree = "<group>";
		};
/* End PBXFileSystemSynchronizedRootGroup section */

/* Begin PBXFrameworksBuildPhase section */
		41DCA04B2E4F9ECC0086229B /* Frameworks */ = {
			isa = PBXFrameworksBuildPhase;
			buildActionMask = 2147483647;
			files = (
				41F098832E4FA21E001C4C64 /* CoreLocation.framework in Frameworks */,
				41F098852E4FA225001C4C64 /* SystemConfiguration.framework in Frameworks */,
				417738082E4F9F6A00E5F283 /* CoreWLAN.framework in Frameworks */,
			);
			runOnlyForDeploymentPostprocessing = 0;
		};
		41DCA05D2E4F9ECE0086229B /* Frameworks */ = {
			isa = PBXFrameworksBuildPhase;
			buildActionMask = 2147483647;
			files = (
			);
			runOnlyForDeploymentPostprocessing = 0;
		};
		41DCA0672E4F9ECE0086229B /* Frameworks */ = {
			isa = PBXFrameworksBuildPhase;
			buildActionMask = 2147483647;
			files = (
			);
			runOnlyForDeploymentPostprocessing = 0;
		};
/* End PBXFrameworksBuildPhase section */

/* Begin PBXGroup section */
		417738062E4F9F6A00E5F283 /* Frameworks */ = {
			isa = PBXGroup;
			children = (
				41F098842E4FA225001C4C64 /* SystemConfiguration.framework */,
				41F098822E4FA21E001C4C64 /* CoreLocation.framework */,
				417738072E4F9F6A00E5F283 /* CoreWLAN.framework */,
			);
			name = Frameworks;
			sourceTree = "<group>";
		};
		41DCA0452E4F9ECC0086229B = {
			isa = PBXGroup;
			children = (
				41DCA0502E4F9ECC0086229B /* WiFiMonitor */,
				41DCA0632E4F9ECE0086229B /* WiFiMonitorTests */,
				41DCA06D2E4F9ECE0086229B /* WiFiMonitorUITests */,
				417738062E4F9F6A00E5F283 /* Frameworks */,
				41DCA04F2E4F9ECC0086229B /* Products */,
			);
			sourceTree = "<group>";
		};
		41DCA04F2E4F9ECC0086229B /* Products */ = {
			isa = PBXGroup;
			children = (
				41DCA04E2E4F9ECC0086229B /* WiFiMonitor.app */,
				41DCA0602E4F9ECE0086229B /* WiFiMonitorTests.xctest */,
				41DCA06A2E4F9ECE0086229B /* WiFiMonitorUITests.xctest */,
			);
			name = Products;
			sourceTree = "<group>";
		};
/* End PBXGroup section */

/* Begin PBXNativeTarget section */
		41DCA04D2E4F9ECC0086229B /* WiFiMonitor */ = {
			isa = PBXNativeTarget;
			buildConfigurationList = 41DCA0742E4F9ECE0086229B /* Build configuration list for PBXNativeTarget "WiFiMonitor" */;
			buildPhases = (
				41DCA04A2E4F9ECC0086229B /* Sources */,
				41DCA04B2E4F9ECC0086229B /* Frameworks */,
				41DCA04C2E4F9ECC0086229B /* Resources */,
			);
			buildRules = (
			);
			dependencies = (
			);
			fileSystemSynchronizedGroups = (
				41DCA0502E4F9ECC0086229B /* WiFiMonitor */,
			);
			name = WiFiMonitor;
			packageProductDependencies = (
			);
			productName = WiFiMonitor;
			productReference = 41DCA04E2E4F9ECC0086229B /* WiFiMonitor.app */;
			productType = "com.apple.product-type.application";
		};
		41DCA05F2E4F9ECE0086229B /* WiFiMonitorTests */ = {
			isa = PBXNativeTarget;
			buildConfigurationList = 41DCA0772E4F9ECE0086229B /* Build configuration list for PBXNativeTarget "WiFiMonitorTests" */;
			buildPhases = (
				41DCA05C2E4F9ECE0086229B /* Sources */,
				41DCA05D2E4F9ECE0086229B /* Frameworks */,
				41DCA05E2E4F9ECE0086229B /* Resources */,
			);
			buildRules = (
			);
			dependencies = (
				41DCA0622E4F9ECE0086229B /* PBXTargetDependency */,
			);
			fileSystemSynchronizedGroups = (
				41DCA0632E4F9ECE0086229B /* WiFiMonitorTests */,
			);
			name = WiFiMonitorTests;
			packageProductDependencies = (
			);
			productName = WiFiMonitorTests;
			productReference = 41DCA0602E4F9ECE0086229B /* WiFiMonitorTests.xctest */;
			productType = "com.apple.product-type.bundle.unit-test";
		};
		41DCA0692E4F9ECE0086229B /* WiFiMonitorUITests */ = {
			isa = PBXNativeTarget;
			buildConfigurationList = 41DCA07A2E4F9ECE0086229B /* Build configuration list for PBXNativeTarget "WiFiMonitorUITests" */;
			buildPhases = (
				41DCA0662E4F9ECE0086229B /* Sources */,
				41DCA0672E4F9ECE0086229B /* Frameworks */,
				41DCA0682E4F9ECE0086229B /* Resources */,
			);
			buildRules = (
			);
			dependencies = (
				41DCA06C2E4F9ECE0086229B /* PBXTargetDependency */,
			);
			fileSystemSynchronizedGroups = (
				41DCA06D2E4F9ECE0086229B /* WiFiMonitorUITests */,
			);
			name = WiFiMonitorUITests;
			packageProductDependencies = (
			);
			productName = WiFiMonitorUITests;
			productReference = 41DCA06A2E4F9ECE0086229B /* WiFiMonitorUITests.xctest */;
			productType = "com.apple.product-type.bundle.ui-testing";
		};
/* End PBXNativeTarget section */

/* Begin PBXProject section */
		41DCA0462E4F9ECC0086229B /* Project object */ = {
			isa = PBXProject;
			attributes = {
				BuildIndependentTargetsInParallel = 1;
				LastUpgradeCheck = 1640;
				TargetAttributes = {
					41DCA04D2E4F9ECC0086229B = {
						CreatedOnToolsVersion = 16.4;
					};
					41DCA05F2E4F9ECE0086229B = {
						CreatedOnToolsVersion = 16.4;
						TestTargetID = 41DCA04D2E4F9ECC0086229B;
					};
					41DCA0692E4F9ECE0086229B = {
						CreatedOnToolsVersion = 16.4;
						TestTargetID = 41DCA04D2E4F9ECC0086229B;
					};
				};
			};
			buildConfigurationList = 41DCA0492E4F9ECC0086229B /* Build configuration list for PBXProject "WiFiMonitor" */;
			developmentRegion = en;
			hasScannedForEncodings = 0;
			knownRegions = (
				en,
				Base,
				ru,
			);
			mainGroup = 41DCA0452E4F9ECC0086229B;
			minimizedProjectReferenceProxies = 1;
			preferredProjectObjectVersion = 77;
			productRefGroup = 41DCA04F2E4F9ECC0086229B /* Products */;
			projectDirPath = "";
			projectRoot = "";
			targets = (
				41DCA04D2E4F9ECC0086229B /* WiFiMonitor */,
				41DCA05F2E4F9ECE0086229B /* WiFiMonitorTests */,
				41DCA0692E4F9ECE0086229B /* WiFiMonitorUITests */,
			);
		};
/* End PBXProject section */

/* Begin PBXResourcesBuildPhase section */
		41DCA04C2E4F9ECC0086229B /* Resources */ = {
			isa = PBXResourcesBuildPhase;
			buildActionMask = 2147483647;
			files = (
			);
			runOnlyForDeploymentPostprocessing = 0;
		};
		41DCA05E2E4F9ECE0086229B /* Resources */ = {
			isa = PBXResourcesBuildPhase;
			buildActionMask = 2147483647;
			files = (
			);
			runOnlyForDeploymentPostprocessing = 0;
		};
		41DCA0682E4F9ECE0086229B /* Resources */ = {
			isa = PBXResourcesBuildPhase;
			buildActionMask = 2147483647;
			files = (
			);
			runOnlyForDeploymentPostprocessing = 0;
		};
/* End PBXResourcesBuildPhase section */

/* Begin PBXSourcesBuildPhase section */
		41DCA04A2E4F9ECC0086229B /* Sources */ = {
			isa = PBXSourcesBuildPhase;
			buildActionMask = 2147483647;
			files = (
			);
			runOnlyForDeploymentPostprocessing = 0;
		};
		41DCA05C2E4F9ECE0086229B /* Sources */ = {
			isa = PBXSourcesBuildPhase;
			buildActionMask = 2147483647;
			files = (
			);
			runOnlyForDeploymentPostprocessing = 0;
		};
		41DCA0662E4F9ECE0086229B /* Sources */ = {
			isa = PBXSourcesBuildPhase;
			buildActionMask = 2147483647;
			files = (
			);
			runOnlyForDeploymentPostprocessing = 0;
		};
/* End PBXSourcesBuildPhase section */

/* Begin PBXTargetDependency section */
		41DCA0622E4F9ECE0086229B /* PBXTargetDependency */ = {
			isa = PBXTargetDependency;
			target = 41DCA04D2E4F9ECC0086229B /* WiFiMonitor */;
			targetProxy = 41DCA0612E4F9ECE0086229B /* PBXContainerItemProxy */;
		};
		41DCA06C2E4F9ECE0086229B /* PBXTargetDependency */ = {
			isa = PBXTargetDependency;
			target = 41DCA04D2E4F9ECC0086229B /* WiFiMonitor */;
			targetProxy = 41DCA06B2E4F9ECE0086229B /* PBXContainerItemProxy */;
		};
/* End PBXTargetDependency section */

/* Begin XCBuildConfiguration section */
		41DCA0722E4F9ECE0086229B /* Debug */ = {
			isa = XCBuildConfiguration;
			buildSettings = {
				ALWAYS_SEARCH_USER_PATHS = NO;
				ASSETCATALOG_COMPILER_GENERATE_SWIFT_ASSET_SYMBOL_EXTENSIONS = YES;
				CLANG_ANALYZER_NONNULL = YES;
				CLANG_ANALYZER_NUMBER_OBJECT_CONVERSION = YES_AGGRESSIVE;
				CLANG_CXX_LANGUAGE_STANDARD = "gnu++20";
				CLANG_ENABLE_MODULES = YES;
				CLANG_ENABLE_OBJC_ARC = YES;
				CLANG_ENABLE_OBJC_WEAK = YES;
				CLANG_WARN_BLOCK_CAPTURE_AUTORELEASING = YES;
				CLANG_WARN_BOOL_CONVERSION = YES;
				CLANG_WARN_COMMA = YES;
				CLANG_WARN_CONSTANT_CONVERSION = YES;
				CLANG_WARN_DEPRECATED_OBJC_IMPLEMENTATIONS = YES;
				CLANG_WARN_DIRECT_OBJC_ISA_USAGE = YES_ERROR;
				CLANG_WARN_DOCUMENTATION_COMMENTS = YES;
				CLANG_WARN_EMPTY_BODY = YES;
				CLANG_WARN_ENUM_CONVERSION = YES;
				CLANG_WARN_INFINITE_RECURSION = YES;
				CLANG_WARN_INT_CONVERSION = YES;
				CLANG_WARN_NON_LITERAL_NULL_CONVERSION = YES;
				CLANG_WARN_OBJC_IMPLICIT_RETAIN_SELF = YES;
				CLANG_WARN_OBJC_LITERAL_CONVERSION = YES;
				CLANG_WARN_OBJC_ROOT_CLASS = YES_ERROR;
				CLANG_WARN_QUOTED_INCLUDE_IN_FRAMEWORK_HEADER = YES;
				CLANG_WARN_RANGE_LOOP_ANALYSIS = YES;
				CLANG_WARN_STRICT_PROTOTYPES = YES;
				CLANG_WARN_SUSPICIOUS_MOVE = YES;
				CLANG_WARN_UNGUARDED_AVAILABILITY = YES_AGGRESSIVE;
				CLANG_WARN_UNREACHABLE_CODE = YES;
				CLANG_WARN__DUPLICATE_METHOD_MATCH = YES;
				COPY_PHASE_STRIP = NO;
				DEBUG_INFORMATION_FORMAT = dwarf;
				DEVELOPMENT_TEAM = 3HF55DTQ84;
				ENABLE_STRICT_OBJC_MSGSEND = YES;
				ENABLE_TESTABILITY = YES;
				ENABLE_USER_SCRIPT_SANDBOXING = YES;
				GCC_C_LANGUAGE_STANDARD = gnu17;
				GCC_DYNAMIC_NO_PIC = NO;
				GCC_NO_COMMON_BLOCKS = YES;
				GCC_OPTIMIZATION_LEVEL = 0;
				GCC_PREPROCESSOR_DEFINITIONS = (
					"DEBUG=1",
					"$(inherited)",
				);
				GCC_WARN_64_TO_32_BIT_CONVERSION = YES;
				GCC_WARN_ABOUT_RETURN_TYPE = YES_ERROR;
				GCC_WARN_UNDECLARED_SELECTOR = YES;
				GCC_WARN_UNINITIALIZED_AUTOS = YES_AGGRESSIVE;
				GCC_WARN_UNUSED_FUNCTION = YES;
				GCC_WARN_UNUSED_VARIABLE = YES;
				LOCALIZATION_PREFERS_STRING_CATALOGS = YES;
				MACOSX_DEPLOYMENT_TARGET = 15.5;
				MTL_ENABLE_DEBUG_INFO = INCLUDE_SOURCE;
				MTL_FAST_MATH = YES;
				ONLY_ACTIVE_ARCH = YES;
				SDKROOT = macosx;
			};
			name = Debug;
		};
		41DCA0732E4F9ECE0086229B /* Release */ = {
			isa = XCBuildConfiguration;
			buildSettings = {
				ALWAYS_SEARCH_USER_PATHS = NO;
				ASSETCATALOG_COMPILER_GENERATE_SWIFT_ASSET_SYMBOL_EXTENSIONS = YES;
				CLANG_ANALYZER_NONNULL = YES;
				CLANG_ANALYZER_NUMBER_OBJECT_CONVERSION = YES_AGGRESSIVE;
				CLANG_CXX_LANGUAGE_STANDARD = "gnu++20";
				CLANG_ENABLE_MODULES = YES;
				CLANG_ENABLE_OBJC_ARC = YES;
				CLANG_ENABLE_OBJC_WEAK = YES;
				CLANG_WARN_BLOCK_CAPTURE_AUTORELEASING = YES;
				CLANG_WARN_BOOL_CONVERSION = YES;
				CLANG_WARN_COMMA = YES;
				CLANG_WARN_CONSTANT_CONVERSION = YES;
				CLANG_WARN_DEPRECATED_OBJC_IMPLEMENTATIONS = YES;
				CLANG_WARN_DIRECT_OBJC_ISA_USAGE = YES_ERROR;
				CLANG_WARN_DOCUMENTATION_COMMENTS = YES;
				CLANG_WARN_EMPTY_BODY = YES;
				CLANG_WARN_ENUM_CONVERSION = YES;
				CLANG_WARN_INFINITE_RECURSION = YES;
				CLANG_WARN_INT_CONVERSION = YES;
				CLANG_WARN_NON_LITERAL_NULL_CONVERSION = YES;
				CLANG_WARN_OBJC_IMPLICIT_RETAIN_SELF = YES;
				CLANG_WARN_OBJC_LITERAL_CONVERSION = YES;
				CLANG_WARN_OBJC_ROOT_CLASS = YES_ERROR;
				CLANG_WARN_QUOTED_INCLUDE_IN_FRAMEWORK_HEADER = YES;
				CLANG_WARN_RANGE_LOOP_ANALYSIS = YES;
				CLANG_WARN_STRICT_PROTOTYPES = YES;
				CLANG_WARN_SUSPICIOUS_MOVE = YES;
				CLANG_WARN_UNGUARDED_AVAILABILITY = YES_AGGRESSIVE;
				CLANG_WARN_UNREACHABLE_CODE = YES;
				CLANG_WARN__DUPLICATE_METHOD_MATCH = YES;
				COPY_PHASE_STRIP = NO;
				DEBUG_INFORMATION_FORMAT = "dwarf-with-dsym";
				DEVELOPMENT_TEAM = 3HF55DTQ84;
				ENABLE_NS_ASSERTIONS = NO;
				ENABLE_STRICT_OBJC_MSGSEND = YES;
				ENABLE_USER_SCRIPT_SANDBOXING = YES;
				GCC_C_LANGUAGE_STANDARD = gnu17;
				GCC_NO_COMMON_BLOCKS = YES;
				GCC_WARN_64_TO_32_BIT_CONVERSION = YES;
				GCC_WARN_ABOUT_RETURN_TYPE = YES_ERROR;
				GCC_WARN_UNDECLARED_SELECTOR = YES;
				GCC_WARN_UNINITIALIZED_AUTOS = YES_AGGRESSIVE;
				GCC_WARN_UNUSED_FUNCTION = YES;
				GCC_WARN_UNUSED_VARIABLE = YES;
				LOCALIZATION_PREFERS_STRING_CATALOGS = YES;
				MACOSX_DEPLOYMENT_TARGET = 15.5;
				MTL_ENABLE_DEBUG_INFO = NO;
				MTL_FAST_MATH = YES;
				SDKROOT = macosx;
			};
			name = Release;
		};
		41DCA0752E4F9ECE0086229B /* Debug */ = {
			isa = XCBuildConfiguration;
			buildSettings = {
				ASSETCATALOG_COMPILER_APPICON_NAME = AppIcon;
				ASSETCATALOG_COMPILER_GLOBAL_ACCENT_COLOR_NAME = AccentColor;
				CODE_SIGN_ENTITLEMENTS = WiFiMonitor/WiFiMonitor.entitlements;
				CODE_SIGN_STYLE = Automatic;
				COMBINE_HIDPI_IMAGES = YES;
				CURRENT_PROJECT_VERSION = 1;
				DEVELOPMENT_TEAM = 3HF55DTQ84;
				ENABLE_HARDENED_RUNTIME = YES;
				GENERATE_INFOPLIST_FILE = YES;
				INFOPLIST_KEY_NSHumanReadableCopyright = "";
				INFOPLIST_KEY_NSMainNibFile = MainMenu;
				INFOPLIST_KEY_NSPrincipalClass = NSApplication;
				LD_RUNPATH_SEARCH_PATHS = (
					"$(inherited)",
					"@executable_path/../Frameworks",
				);
				MARKETING_VERSION = 1.0;
				PRODUCT_BUNDLE_IDENTIFIER = com.alekseev.WiFiMonitor;
				PRODUCT_NAME = "$(TARGET_NAME)";
				REGISTER_APP_GROUPS = YES;
				SWIFT_EMIT_LOC_STRINGS = YES;
			};
			name = Debug;
		};
		41DCA0762E4F9ECE0086229B /* Release */ = {
			isa = XCBuildConfiguration;
			buildSettings = {
				ASSETCATALOG_COMPILER_APPICON_NAME = AppIcon;
				ASSETCATALOG_COMPILER_GLOBAL_ACCENT_COLOR_NAME = AccentColor;
				CODE_SIGN_ENTITLEMENTS = WiFiMonitor/WiFiMonitor.entitlements;
				CODE_SIGN_STYLE = Automatic;
				COMBINE_HIDPI_IMAGES = YES;
				CURRENT_PROJECT_VERSION = 1;
				DEVELOPMENT_TEAM = 3HF55DTQ84;
				ENABLE_HARDENED_RUNTIME = YES;
				GENERATE_INFOPLIST_FILE = YES;
				INFOPLIST_KEY_NSHumanReadableCopyright = "";
				INFOPLIST_KEY_NSMainNibFile = MainMenu;
				INFOPLIST_KEY_NSPrincipalClass = NSApplication;
				LD_RUNPATH_SEARCH_PATHS = (
					"$(inherited)",
					"@executable_path/../Frameworks",
				);
				MARKETING_VERSION = 1.0;
				PRODUCT_BUNDLE_IDENTIFIER = com.alekseev.WiFiMonitor;
				PRODUCT_NAME = "$(TARGET_NAME)";
				REGISTER_APP_GROUPS = YES;
				SWIFT_EMIT_LOC_STRINGS = YES;
			};
			name = Release;
		};
		41DCA0782E4F9ECE0086229B /* Debug */ = {
			isa = XCBuildConfiguration;
			buildSettings = {
				BUNDLE_LOADER = "$(TEST_HOST)";
				CODE_SIGN_STYLE = Automatic;
				CURRENT_PROJECT_VERSION = 1;
				DEVELOPMENT_TEAM = 3HF55DTQ84;
				GENERATE_INFOPLIST_FILE = YES;
				MACOSX_DEPLOYMENT_TARGET = 15.5;
				MARKETING_VERSION = 1.0;
				PRODUCT_BUNDLE_IDENTIFIER = com.alekseev.WiFiMonitorTests;
				PRODUCT_NAME = "$(TARGET_NAME)";
				SWIFT_EMIT_LOC_STRINGS = NO;
				TEST_HOST = "$(BUILT_PRODUCTS_DIR)/WiFiMonitor.app/$(BUNDLE_EXECUTABLE_FOLDER_PATH)/WiFiMonitor";
			};
			name = Debug;
		};
		41DCA0792E4F9ECE0086229B /* Release */ = {
			isa = XCBuildConfiguration;
			buildSettings = {
				BUNDLE_LOADER = "$(TEST_HOST)";
				CODE_SIGN_STYLE = Automatic;
				CURRENT_PROJECT_VERSION = 1;
				DEVELOPMENT_TEAM = 3HF55DTQ84;
				GENERATE_INFOPLIST_FILE = YES;
				MACOSX_DEPLOYMENT_TARGET = 15.5;
				MARKETING_VERSION = 1.0;
				PRODUCT_BUNDLE_IDENTIFIER = com.alekseev.WiFiMonitorTests;
				PRODUCT_NAME = "$(TARGET_NAME)";
				SWIFT_EMIT_LOC_STRINGS = NO;
				TEST_HOST = "$(BUILT_PRODUCTS_DIR)/WiFiMonitor.app/$(BUNDLE_EXECUTABLE_FOLDER_PATH)/WiFiMonitor";
			};
			name = Release;
		};
		41DCA07B2E4F9ECE0086229B /* Debug */ = {
			isa = XCBuildConfiguration;
			buildSettings = {
				CODE_SIGN_STYLE = Automatic;
				CURRENT_PROJECT_VERSION = 1;
				DEVELOPMENT_TEAM = 3HF55DTQ84;
				GENERATE_INFOPLIST_FILE = YES;
				MARKETING_VERSION = 1.0;
				PRODUCT_BUNDLE_IDENTIFIER = com.alekseev.WiFiMonitorUITests;
				PRODUCT_NAME = "$(TARGET_NAME)";
				SWIFT_EMIT_LOC_STRINGS = NO;
				TEST_TARGET_NAME = WiFiMonitor;
			};
			name = Debug;
		};
		41DCA07C2E4F9ECE0086229B /* Release */ = {
			isa = XCBuildConfiguration;
			buildSettings = {
				CODE_SIGN_STYLE = Automatic;
				CURRENT_PROJECT_VERSION = 1;
				DEVELOPMENT_TEAM = 3HF55DTQ84;
				GENERATE_INFOPLIST_FILE = YES;
				MARKETING_VERSION = 1.0;
				PRODUCT_BUNDLE_IDENTIFIER = com.alekseev.WiFiMonitorUITests;
				PRODUCT_NAME = "$(TARGET_NAME)";
				SWIFT_EMIT_LOC_STRINGS = NO;
				TEST_TARGET_NAME = WiFiMonitor;
			};
			name = Release;
		};
/* End XCBuildConfiguration section */

/* Begin XCConfigurationList section */
		41DCA0492E4F9ECC0086229B /* Build configuration list for PBXProject "WiFiMonitor" */ = {
			isa = XCConfigurationList;
			buildConfigurations = (
				41DCA0722E4F9ECE0086229B /* Debug */,
				41DCA0732E4F9ECE0086229B /* Release */,
			);
			defaultConfigurationIsVisible = 0;
			defaultConfigurationName = Release;
		};
		41DCA0742E4F9ECE0086229B /* Build configuration list for PBXNativeTarget "WiFiMonitor" */ = {
			isa = XCConfigurationList;
			buildConfigurations = (
				41DCA0752E4F9ECE0086229B /* Debug */,
				41DCA0762E4F9ECE0086229B /* Release */,
			);
			defaultConfigurationIsVisible = 0;
			defaultConfigurationName = Release;
		};
		41DCA0772E4F9ECE0086229B /* Build configuration list for PBXNativeTarget "WiFiMonitorTests" */ = {
			isa = XCConfigurationList;
			buildConfigurations = (
				41DCA0782E4F9ECE0086229B /* Debug */,
				41DCA0792E4F9ECE0086229B /* Release */,
			);
			defaultConfigurationIsVisible = 0;
			defaultConfigurationName = Release;
		};
		41DCA07A2E4F9ECE0086229B /* Build configuration list for PBXNativeTarget "WiFiMonitorUITests" */ = {
			isa = XCConfigurationList;
			buildConfigurations = (
				41DCA07B2E4F9ECE0086229B /* Debug */,
				41DCA07C2E4F9ECE0086229B /* Release */,
			);
			defaultConfigurationIsVisible = 0;
			defaultConfigurationName = Release;
		};
/* End XCConfigurationList section */
	};
	rootObject = 41DCA0462E4F9ECC0086229B /* Project object */;
}
